// !$*UTF8*$!
{
	archiveVersion = 1;
	classes = {
	};
	objectVersion = 46;
	objects = {

/* Begin PBXBuildFile section */
		C5124B281AEC36330015FF81 /* NSString+MDKConvenience.h in Headers */ = {isa = PBXBuildFile; fileRef = C5124B261AEC36330015FF81 /* NSString+MDKConvenience.h */; settings = {ATTRIBUTES = (Public, ); }; };
		C5124B291AEC36330015FF81 /* NSString+MDKConvenience.m in Sources */ = {isa = PBXBuildFile; fileRef = C5124B271AEC36330015FF81 /* NSString+MDKConvenience.m */; };
		C5BC6AAA19D318E800BC1D1B /* MDUiKit.h in Headers */ = {isa = PBXBuildFile; fileRef = C5BC6AA919D318E800BC1D1B /* MDUiKit.h */; settings = {ATTRIBUTES = (Public, ); }; };
		C5BC6AB419D318E800BC1D1B /* MDUiKitTests.m in Sources */ = {isa = PBXBuildFile; fileRef = C5BC6AB319D318E800BC1D1B /* MDUiKitTests.m */; };
		C5BC6ABE19D3190500BC1D1B /* QuartzCore.framework in Frameworks */ = {isa = PBXBuildFile; fileRef = C5BC6ABD19D3190500BC1D1B /* QuartzCore.framework */; };
		C5BC6AC019D3190C00BC1D1B /* UIKit.framework in Frameworks */ = {isa = PBXBuildFile; fileRef = C5BC6ABF19D3190C00BC1D1B /* UIKit.framework */; };
		C5BC6AC419D3199200BC1D1B /* MDKLayerViewDesignable.h in Headers */ = {isa = PBXBuildFile; fileRef = C5BC6AC219D3199200BC1D1B /* MDKLayerViewDesignable.h */; settings = {ATTRIBUTES = (Public, ); }; };
		C5BC6AC519D3199200BC1D1B /* MDKLayerViewDesignable.m in Sources */ = {isa = PBXBuildFile; fileRef = C5BC6AC319D3199200BC1D1B /* MDKLayerViewDesignable.m */; };
		C5C92C6219E3164800DB0507 /* MDKUICollectionViewFlowLayoutDebug.h in Headers */ = {isa = PBXBuildFile; fileRef = C5C92C6019E3164800DB0507 /* MDKUICollectionViewFlowLayoutDebug.h */; settings = {ATTRIBUTES = (Public, ); }; };
		C5C92C6319E3164800DB0507 /* MDKUICollectionViewFlowLayoutDebug.m in Sources */ = {isa = PBXBuildFile; fileRef = C5C92C6119E3164800DB0507 /* MDKUICollectionViewFlowLayoutDebug.m */; };
		C5C92C6619E34AE400DB0507 /* MDKUITableViewDynamicRowHeights.h in Headers */ = {isa = PBXBuildFile; fileRef = C5C92C6419E34AE400DB0507 /* MDKUITableViewDynamicRowHeights.h */; settings = {ATTRIBUTES = (Public, ); }; };
		C5C92C6719E34AE400DB0507 /* MDKUITableViewDynamicRowHeights.m in Sources */ = {isa = PBXBuildFile; fileRef = C5C92C6519E34AE400DB0507 /* MDKUITableViewDynamicRowHeights.m */; };
		C5D6EA8819DE28210098F2A9 /* MDKUICollectionViewScrollContentSized.h in Headers */ = {isa = PBXBuildFile; fileRef = C5D6EA8619DE28210098F2A9 /* MDKUICollectionViewScrollContentSized.h */; settings = {ATTRIBUTES = (Public, ); }; };
		C5D6EA8919DE28210098F2A9 /* MDKUICollectionViewScrollContentSized.m in Sources */ = {isa = PBXBuildFile; fileRef = C5D6EA8719DE28210098F2A9 /* MDKUICollectionViewScrollContentSized.m */; };
		C5DA47EC19EEB73E00A0A432 /* UICollectionView+MDKDragAndDrop.h in Headers */ = {isa = PBXBuildFile; fileRef = C5DA47EA19EEB73E00A0A432 /* UICollectionView+MDKDragAndDrop.h */; settings = {ATTRIBUTES = (Public, ); }; };
		C5DA47ED19EEB73E00A0A432 /* UICollectionView+MDKDragAndDrop.m in Sources */ = {isa = PBXBuildFile; fileRef = C5DA47EB19EEB73E00A0A432 /* UICollectionView+MDKDragAndDrop.m */; };
		C5DA47F019EEDC6100A0A432 /* NSMutableArray+MDKConvenience.h in Headers */ = {isa = PBXBuildFile; fileRef = C5DA47EE19EEDC6100A0A432 /* NSMutableArray+MDKConvenience.h */; settings = {ATTRIBUTES = (Public, ); }; };
		C5DA47F119EEDC6100A0A432 /* NSMutableArray+MDKConvenience.m in Sources */ = {isa = PBXBuildFile; fileRef = C5DA47EF19EEDC6100A0A432 /* NSMutableArray+MDKConvenience.m */; };
		C5F090381A184236009ADC95 /* MDKLinePropertyControl.h in Headers */ = {isa = PBXBuildFile; fileRef = C5F090361A184236009ADC95 /* MDKLinePropertyControl.h */; settings = {ATTRIBUTES = (Public, ); }; };
		C5F090391A184236009ADC95 /* MDKLinePropertyControl.m in Sources */ = {isa = PBXBuildFile; fileRef = C5F090371A184236009ADC95 /* MDKLinePropertyControl.m */; };
/* End PBXBuildFile section */

/* Begin PBXFileReference section */
		C5124B261AEC36330015FF81 /* NSString+MDKConvenience.h */ = {isa = PBXFileReference; fileEncoding = 4; lastKnownFileType = sourcecode.c.h; path = "NSString+MDKConvenience.h"; sourceTree = "<group>"; };
		C5124B271AEC36330015FF81 /* NSString+MDKConvenience.m */ = {isa = PBXFileReference; fileEncoding = 4; lastKnownFileType = sourcecode.c.objc; path = "NSString+MDKConvenience.m"; sourceTree = "<group>"; };
		C5BC6AA419D318E800BC1D1B /* MDUiKit.framework */ = {isa = PBXFileReference; explicitFileType = wrapper.framework; includeInIndex = 0; path = MDUiKit.framework; sourceTree = BUILT_PRODUCTS_DIR; };
		C5BC6AA819D318E800BC1D1B /* Info.plist */ = {isa = PBXFileReference; lastKnownFileType = text.plist.xml; path = Info.plist; sourceTree = "<group>"; };
		C5BC6AA919D318E800BC1D1B /* MDUiKit.h */ = {isa = PBXFileReference; lastKnownFileType = sourcecode.c.h; path = MDUiKit.h; sourceTree = "<group>"; };
		C5BC6AAF19D318E800BC1D1B /* MDUiKitTests.xctest */ = {isa = PBXFileReference; explicitFileType = wrapper.cfbundle; includeInIndex = 0; path = MDUiKitTests.xctest; sourceTree = BUILT_PRODUCTS_DIR; };
		C5BC6AB219D318E800BC1D1B /* Info.plist */ = {isa = PBXFileReference; lastKnownFileType = text.plist.xml; path = Info.plist; sourceTree = "<group>"; };
		C5BC6AB319D318E800BC1D1B /* MDUiKitTests.m */ = {isa = PBXFileReference; lastKnownFileType = sourcecode.c.objc; path = MDUiKitTests.m; sourceTree = "<group>"; };
		C5BC6ABD19D3190500BC1D1B /* QuartzCore.framework */ = {isa = PBXFileReference; lastKnownFileType = wrapper.framework; name = QuartzCore.framework; path = System/Library/Frameworks/QuartzCore.framework; sourceTree = SDKROOT; };
		C5BC6ABF19D3190C00BC1D1B /* UIKit.framework */ = {isa = PBXFileReference; lastKnownFileType = wrapper.framework; name = UIKit.framework; path = System/Library/Frameworks/UIKit.framework; sourceTree = SDKROOT; };
		C5BC6AC219D3199200BC1D1B /* MDKLayerViewDesignable.h */ = {isa = PBXFileReference; fileEncoding = 4; lastKnownFileType = sourcecode.c.h; path = MDKLayerViewDesignable.h; sourceTree = "<group>"; };
		C5BC6AC319D3199200BC1D1B /* MDKLayerViewDesignable.m */ = {isa = PBXFileReference; fileEncoding = 4; lastKnownFileType = sourcecode.c.objc; path = MDKLayerViewDesignable.m; sourceTree = "<group>"; };
		C5C92C6019E3164800DB0507 /* MDKUICollectionViewFlowLayoutDebug.h */ = {isa = PBXFileReference; fileEncoding = 4; lastKnownFileType = sourcecode.c.h; path = MDKUICollectionViewFlowLayoutDebug.h; sourceTree = "<group>"; };
		C5C92C6119E3164800DB0507 /* MDKUICollectionViewFlowLayoutDebug.m */ = {isa = PBXFileReference; fileEncoding = 4; lastKnownFileType = sourcecode.c.objc; path = MDKUICollectionViewFlowLayoutDebug.m; sourceTree = "<group>"; };
		C5C92C6419E34AE400DB0507 /* MDKUITableViewDynamicRowHeights.h */ = {isa = PBXFileReference; fileEncoding = 4; lastKnownFileType = sourcecode.c.h; path = MDKUITableViewDynamicRowHeights.h; sourceTree = "<group>"; };
		C5C92C6519E34AE400DB0507 /* MDKUITableViewDynamicRowHeights.m */ = {isa = PBXFileReference; fileEncoding = 4; lastKnownFileType = sourcecode.c.objc; path = MDKUITableViewDynamicRowHeights.m; sourceTree = "<group>"; };
		C5D6EA8619DE28210098F2A9 /* MDKUICollectionViewScrollContentSized.h */ = {isa = PBXFileReference; fileEncoding = 4; lastKnownFileType = sourcecode.c.h; path = MDKUICollectionViewScrollContentSized.h; sourceTree = "<group>"; };
		C5D6EA8719DE28210098F2A9 /* MDKUICollectionViewScrollContentSized.m */ = {isa = PBXFileReference; fileEncoding = 4; lastKnownFileType = sourcecode.c.objc; path = MDKUICollectionViewScrollContentSized.m; sourceTree = "<group>"; };
		C5DA47EA19EEB73E00A0A432 /* UICollectionView+MDKDragAndDrop.h */ = {isa = PBXFileReference; fileEncoding = 4; lastKnownFileType = sourcecode.c.h; path = "UICollectionView+MDKDragAndDrop.h"; sourceTree = "<group>"; };
		C5DA47EB19EEB73E00A0A432 /* UICollectionView+MDKDragAndDrop.m */ = {isa = PBXFileReference; fileEncoding = 4; lastKnownFileType = sourcecode.c.objc; path = "UICollectionView+MDKDragAndDrop.m"; sourceTree = "<group>"; };
		C5DA47EE19EEDC6100A0A432 /* NSMutableArray+MDKConvenience.h */ = {isa = PBXFileReference; fileEncoding = 4; lastKnownFileType = sourcecode.c.h; path = "NSMutableArray+MDKConvenience.h"; sourceTree = "<group>"; };
		C5DA47EF19EEDC6100A0A432 /* NSMutableArray+MDKConvenience.m */ = {isa = PBXFileReference; fileEncoding = 4; lastKnownFileType = sourcecode.c.objc; path = "NSMutableArray+MDKConvenience.m"; sourceTree = "<group>"; };
		C5F090361A184236009ADC95 /* MDKLinePropertyControl.h */ = {isa = PBXFileReference; fileEncoding = 4; lastKnownFileType = sourcecode.c.h; path = MDKLinePropertyControl.h; sourceTree = "<group>"; };
		C5F090371A184236009ADC95 /* MDKLinePropertyControl.m */ = {isa = PBXFileReference; fileEncoding = 4; lastKnownFileType = sourcecode.c.objc; path = MDKLinePropertyControl.m; sourceTree = "<group>"; };
/* End PBXFileReference section */

/* Begin PBXFrameworksBuildPhase section */
		C5BC6AA019D318E800BC1D1B /* Frameworks */ = {
			isa = PBXFrameworksBuildPhase;
			buildActionMask = 2147483647;
			files = (
				C5BC6AC019D3190C00BC1D1B /* UIKit.framework in Frameworks */,
				C5BC6ABE19D3190500BC1D1B /* QuartzCore.framework in Frameworks */,
			);
			runOnlyForDeploymentPostprocessing = 0;
		};
		C5BC6AAC19D318E800BC1D1B /* Frameworks */ = {
			isa = PBXFrameworksBuildPhase;
			buildActionMask = 2147483647;
			files = (
			);
			runOnlyForDeploymentPostprocessing = 0;
		};
/* End PBXFrameworksBuildPhase section */

/* Begin PBXGroup section */
		C5124B251AEC35BC0015FF81 /* Categories */ = {
			isa = PBXGroup;
			children = (
				C5DA47EE19EEDC6100A0A432 /* NSMutableArray+MDKConvenience.h */,
				C5DA47EF19EEDC6100A0A432 /* NSMutableArray+MDKConvenience.m */,
				C5124B261AEC36330015FF81 /* NSString+MDKConvenience.h */,
				C5124B271AEC36330015FF81 /* NSString+MDKConvenience.m */,
			);
			name = Categories;
			sourceTree = "<group>";
		};
		C5BC6A9A19D318E800BC1D1B = {
			isa = PBXGroup;
			children = (
				C5BC6AC119D3193900BC1D1B /* Frameworks */,
				C5BC6AA619D318E800BC1D1B /* MDUiKit */,
				C5BC6AB019D318E800BC1D1B /* MDUiKitTests */,
				C5BC6AA519D318E800BC1D1B /* Products */,
			);
			sourceTree = "<group>";
		};
		C5BC6AA519D318E800BC1D1B /* Products */ = {
			isa = PBXGroup;
			children = (
				C5BC6AA419D318E800BC1D1B /* MDUiKit.framework */,
				C5BC6AAF19D318E800BC1D1B /* MDUiKitTests.xctest */,
			);
			name = Products;
			sourceTree = "<group>";
		};
		C5BC6AA619D318E800BC1D1B /* MDUiKit */ = {
			isa = PBXGroup;
			children = (
				C5124B251AEC35BC0015FF81 /* Categories */,
				C5F090351A184209009ADC95 /* Controls */,
				C5BC6AA719D318E800BC1D1B /* Supporting Files */,
				C5BC6AA919D318E800BC1D1B /* MDUiKit.h */,
				C5BC6AC219D3199200BC1D1B /* MDKLayerViewDesignable.h */,
				C5BC6AC319D3199200BC1D1B /* MDKLayerViewDesignable.m */,
				C5D6EA8619DE28210098F2A9 /* MDKUICollectionViewScrollContentSized.h */,
				C5D6EA8719DE28210098F2A9 /* MDKUICollectionViewScrollContentSized.m */,
				C5C92C6019E3164800DB0507 /* MDKUICollectionViewFlowLayoutDebug.h */,
				C5C92C6119E3164800DB0507 /* MDKUICollectionViewFlowLayoutDebug.m */,
				C5C92C6419E34AE400DB0507 /* MDKUITableViewDynamicRowHeights.h */,
				C5C92C6519E34AE400DB0507 /* MDKUITableViewDynamicRowHeights.m */,
				C5DA47EA19EEB73E00A0A432 /* UICollectionView+MDKDragAndDrop.h */,
				C5DA47EB19EEB73E00A0A432 /* UICollectionView+MDKDragAndDrop.m */,
			);
			path = MDUiKit;
			sourceTree = "<group>";
		};
		C5BC6AA719D318E800BC1D1B /* Supporting Files */ = {
			isa = PBXGroup;
			children = (
				C5BC6AA819D318E800BC1D1B /* Info.plist */,
			);
			name = "Supporting Files";
			sourceTree = "<group>";
		};
		C5BC6AB019D318E800BC1D1B /* MDUiKitTests */ = {
			isa = PBXGroup;
			children = (
				C5BC6AB319D318E800BC1D1B /* MDUiKitTests.m */,
				C5BC6AB119D318E800BC1D1B /* Supporting Files */,
			);
			path = MDUiKitTests;
			sourceTree = "<group>";
		};
		C5BC6AB119D318E800BC1D1B /* Supporting Files */ = {
			isa = PBXGroup;
			children = (
				C5BC6AB219D318E800BC1D1B /* Info.plist */,
			);
			name = "Supporting Files";
			sourceTree = "<group>";
		};
		C5BC6AC119D3193900BC1D1B /* Frameworks */ = {
			isa = PBXGroup;
			children = (
				C5BC6ABD19D3190500BC1D1B /* QuartzCore.framework */,
				C5BC6ABF19D3190C00BC1D1B /* UIKit.framework */,
			);
			name = Frameworks;
			sourceTree = "<group>";
		};
		C5F090351A184209009ADC95 /* Controls */ = {
			isa = PBXGroup;
			children = (
				C5F090361A184236009ADC95 /* MDKLinePropertyControl.h */,
				C5F090371A184236009ADC95 /* MDKLinePropertyControl.m */,
			);
			name = Controls;
			sourceTree = "<group>";
		};
/* End PBXGroup section */

/* Begin PBXHeadersBuildPhase section */
		C5BC6AA119D318E800BC1D1B /* Headers */ = {
			isa = PBXHeadersBuildPhase;
			buildActionMask = 2147483647;
			files = (
				C5BC6AAA19D318E800BC1D1B /* MDUiKit.h in Headers */,
				C5BC6AC419D3199200BC1D1B /* MDKLayerViewDesignable.h in Headers */,
				C5D6EA8819DE28210098F2A9 /* MDKUICollectionViewScrollContentSized.h in Headers */,
				C5C92C6219E3164800DB0507 /* MDKUICollectionViewFlowLayoutDebug.h in Headers */,
				C5F090381A184236009ADC95 /* MDKLinePropertyControl.h in Headers */,
				C5124B281AEC36330015FF81 /* NSString+MDKConvenience.h in Headers */,
				C5DA47EC19EEB73E00A0A432 /* UICollectionView+MDKDragAndDrop.h in Headers */,
				C5DA47F019EEDC6100A0A432 /* NSMutableArray+MDKConvenience.h in Headers */,
				C5C92C6619E34AE400DB0507 /* MDKUITableViewDynamicRowHeights.h in Headers */,
			);
			runOnlyForDeploymentPostprocessing = 0;
		};
/* End PBXHeadersBuildPhase section */

/* Begin PBXNativeTarget section */
		C5BC6AA319D318E800BC1D1B /* MDUiKit */ = {
			isa = PBXNativeTarget;
			buildConfigurationList = C5BC6AB719D318E800BC1D1B /* Build configuration list for PBXNativeTarget "MDUiKit" */;
			buildPhases = (
				C5BC6A9F19D318E800BC1D1B /* Sources */,
				C5BC6AA019D318E800BC1D1B /* Frameworks */,
				C5BC6AA119D318E800BC1D1B /* Headers */,
				C5BC6AA219D318E800BC1D1B /* Resources */,
			);
			buildRules = (
			);
			dependencies = (
			);
			name = MDUiKit;
			productName = MDUiKit;
			productReference = C5BC6AA419D318E800BC1D1B /* MDUiKit.framework */;
			productType = "com.apple.product-type.framework";
		};
		C5BC6AAE19D318E800BC1D1B /* MDUiKitTests */ = {
			isa = PBXNativeTarget;
			buildConfigurationList = C5BC6ABA19D318E800BC1D1B /* Build configuration list for PBXNativeTarget "MDUiKitTests" */;
			buildPhases = (
				C5BC6AAB19D318E800BC1D1B /* Sources */,
				C5BC6AAC19D318E800BC1D1B /* Frameworks */,
				C5BC6AAD19D318E800BC1D1B /* Resources */,
			);
			buildRules = (
			);
			dependencies = (
			);
			name = MDUiKitTests;
			productName = MDUiKitTests;
			productReference = C5BC6AAF19D318E800BC1D1B /* MDUiKitTests.xctest */;
			productType = "com.apple.product-type.bundle.unit-test";
		};
/* End PBXNativeTarget section */

/* Begin PBXProject section */
		C5BC6A9B19D318E800BC1D1B /* Project object */ = {
			isa = PBXProject;
			attributes = {
				CLASSPREFIX = MDK;
				LastUpgradeCheck = 0600;
				ORGANIZATIONNAME = "MOEDAE LLC";
				TargetAttributes = {
					C5BC6AA319D318E800BC1D1B = {
						CreatedOnToolsVersion = 6.0.1;
						DevelopmentTeam = 6569EWWSLR;
					};
					C5BC6AAE19D318E800BC1D1B = {
						CreatedOnToolsVersion = 6.0.1;
					};
				};
			};
			buildConfigurationList = C5BC6A9E19D318E800BC1D1B /* Build configuration list for PBXProject "MDUiKit" */;
			compatibilityVersion = "Xcode 3.2";
			developmentRegion = English;
			hasScannedForEncodings = 0;
			knownRegions = (
				en,
			);
			mainGroup = C5BC6A9A19D318E800BC1D1B;
			productRefGroup = C5BC6AA519D318E800BC1D1B /* Products */;
			projectDirPath = "";
			projectRoot = "";
			targets = (
				C5BC6AA319D318E800BC1D1B /* MDUiKit */,
				C5BC6AAE19D318E800BC1D1B /* MDUiKitTests */,
			);
		};
/* End PBXProject section */

/* Begin PBXResourcesBuildPhase section */
		C5BC6AA219D318E800BC1D1B /* Resources */ = {
			isa = PBXResourcesBuildPhase;
			buildActionMask = 2147483647;
			files = (
			);
			runOnlyForDeploymentPostprocessing = 0;
		};
		C5BC6AAD19D318E800BC1D1B /* Resources */ = {
			isa = PBXResourcesBuildPhase;
			buildActionMask = 2147483647;
			files = (
			);
			runOnlyForDeploymentPostprocessing = 0;
		};
/* End PBXResourcesBuildPhase section */

/* Begin PBXSourcesBuildPhase section */
		C5BC6A9F19D318E800BC1D1B /* Sources */ = {
			isa = PBXSourcesBuildPhase;
			buildActionMask = 2147483647;
			files = (
				C5124B291AEC36330015FF81 /* NSString+MDKConvenience.m in Sources */,
				C5DA47F119EEDC6100A0A432 /* NSMutableArray+MDKConvenience.m in Sources */,
				C5DA47ED19EEB73E00A0A432 /* UICollectionView+MDKDragAndDrop.m in Sources */,
				C5D6EA8919DE28210098F2A9 /* MDKUICollectionViewScrollContentSized.m in Sources */,
				C5F090391A184236009ADC95 /* MDKLinePropertyControl.m in Sources */,
				C5C92C6319E3164800DB0507 /* MDKUICollectionViewFlowLayoutDebug.m in Sources */,
				C5C92C6719E34AE400DB0507 /* MDKUITableViewDynamicRowHeights.m in Sources */,
				C5BC6AC519D3199200BC1D1B /* MDKLayerViewDesignable.m in Sources */,
			);
			runOnlyForDeploymentPostprocessing = 0;
		};
		C5BC6AAB19D318E800BC1D1B /* Sources */ = {
			isa = PBXSourcesBuildPhase;
			buildActionMask = 2147483647;
			files = (
				C5BC6AB419D318E800BC1D1B /* MDUiKitTests.m in Sources */,
			);
			runOnlyForDeploymentPostprocessing = 0;
		};
/* End PBXSourcesBuildPhase section */

/* Begin XCBuildConfiguration section */
		C5BC6AB519D318E800BC1D1B /* Debug */ = {
			isa = XCBuildConfiguration;
			buildSettings = {
				ALWAYS_SEARCH_USER_PATHS = NO;
				CLANG_CXX_LANGUAGE_STANDARD = "gnu++0x";
				CLANG_CXX_LIBRARY = "libc++";
				CLANG_ENABLE_MODULES = YES;
				CLANG_ENABLE_OBJC_ARC = YES;
				CLANG_WARN_BOOL_CONVERSION = YES;
				CLANG_WARN_CONSTANT_CONVERSION = YES;
				CLANG_WARN_DIRECT_OBJC_ISA_USAGE = YES_ERROR;
				CLANG_WARN_EMPTY_BODY = YES;
				CLANG_WARN_ENUM_CONVERSION = YES;
				CLANG_WARN_INT_CONVERSION = YES;
				CLANG_WARN_OBJC_ROOT_CLASS = YES_ERROR;
				CLANG_WARN_UNREACHABLE_CODE = YES;
				CLANG_WARN__DUPLICATE_METHOD_MATCH = YES;
				"CODE_SIGN_IDENTITY[sdk=iphoneos*]" = "iPhone Developer";
				COPY_PHASE_STRIP = NO;
				CURRENT_PROJECT_VERSION = 1;
				ENABLE_STRICT_OBJC_MSGSEND = YES;
				GCC_C_LANGUAGE_STANDARD = gnu99;
				GCC_DYNAMIC_NO_PIC = NO;
				GCC_OPTIMIZATION_LEVEL = 0;
				GCC_PREPROCESSOR_DEFINITIONS = (
					"DEBUG=1",
					"$(inherited)",
				);
				GCC_SYMBOLS_PRIVATE_EXTERN = NO;
				GCC_WARN_64_TO_32_BIT_CONVERSION = YES;
				GCC_WARN_ABOUT_RETURN_TYPE = YES_ERROR;
				GCC_WARN_UNDECLARED_SELECTOR = YES;
				GCC_WARN_UNINITIALIZED_AUTOS = YES_AGGRESSIVE;
				GCC_WARN_UNUSED_FUNCTION = YES;
				GCC_WARN_UNUSED_VARIABLE = YES;
				IPHONEOS_DEPLOYMENT_TARGET = 8.0;
				MTL_ENABLE_DEBUG_INFO = YES;
				ONLY_ACTIVE_ARCH = YES;
				SDKROOT = iphoneos;
				TARGETED_DEVICE_FAMILY = "1,2";
				VERSIONING_SYSTEM = "apple-generic";
				VERSION_INFO_PREFIX = "";
			};
			name = Debug;
		};
		C5BC6AB619D318E800BC1D1B /* Release */ = {
			isa = XCBuildConfiguration;
			buildSettings = {
				ALWAYS_SEARCH_USER_PATHS = NO;
				CLANG_CXX_LANGUAGE_STANDARD = "gnu++0x";
				CLANG_CXX_LIBRARY = "libc++";
				CLANG_ENABLE_MODULES = YES;
				CLANG_ENABLE_OBJC_ARC = YES;
				CLANG_WARN_BOOL_CONVERSION = YES;
				CLANG_WARN_CONSTANT_CONVERSION = YES;
				CLANG_WARN_DIRECT_OBJC_ISA_USAGE = YES_ERROR;
				CLANG_WARN_EMPTY_BODY = YES;
				CLANG_WARN_ENUM_CONVERSION = YES;
				CLANG_WARN_INT_CONVERSION = YES;
				CLANG_WARN_OBJC_ROOT_CLASS = YES_ERROR;
				CLANG_WARN_UNREACHABLE_CODE = YES;
				CLANG_WARN__DUPLICATE_METHOD_MATCH = YES;
				"CODE_SIGN_IDENTITY[sdk=iphoneos*]" = "iPhone Developer";
				COPY_PHASE_STRIP = YES;
				CURRENT_PROJECT_VERSION = 1;
				ENABLE_NS_ASSERTIONS = NO;
				ENABLE_STRICT_OBJC_MSGSEND = YES;
				GCC_C_LANGUAGE_STANDARD = gnu99;
				GCC_WARN_64_TO_32_BIT_CONVERSION = YES;
				GCC_WARN_ABOUT_RETURN_TYPE = YES_ERROR;
				GCC_WARN_UNDECLARED_SELECTOR = YES;
				GCC_WARN_UNINITIALIZED_AUTOS = YES_AGGRESSIVE;
				GCC_WARN_UNUSED_FUNCTION = YES;
				GCC_WARN_UNUSED_VARIABLE = YES;
				IPHONEOS_DEPLOYMENT_TARGET = 8.0;
				MTL_ENABLE_DEBUG_INFO = NO;
				SDKROOT = iphoneos;
				TARGETED_DEVICE_FAMILY = "1,2";
				VALIDATE_PRODUCT = YES;
				VERSIONING_SYSTEM = "apple-generic";
				VERSION_INFO_PREFIX = "";
			};
			name = Release;
		};
		C5BC6AB819D318E800BC1D1B /* Debug */ = {
			isa = XCBuildConfiguration;
			buildSettings = {
				CODE_SIGN_IDENTITY = "iPhone Developer";
				DEFINES_MODULE = YES;
				DYLIB_COMPATIBILITY_VERSION = 1;
				DYLIB_CURRENT_VERSION = 1;
				DYLIB_INSTALL_NAME_BASE = "@rpath";
				INFOPLIST_FILE = MDUiKit/Info.plist;
				INSTALL_PATH = "@rpath";
				LD_RUNPATH_SEARCH_PATHS = "$(inherited) @executable_path/Frameworks @loader_path/Frameworks";
				PRODUCT_NAME = "$(TARGET_NAME)";
				SKIP_INSTALL = YES;
			};
			name = Debug;
		};
		C5BC6AB919D318E800BC1D1B /* Release */ = {
			isa = XCBuildConfiguration;
			buildSettings = {
				CODE_SIGN_IDENTITY = "iPhone Developer";
				DEFINES_MODULE = YES;
				DYLIB_COMPATIBILITY_VERSION = 1;
				DYLIB_CURRENT_VERSION = 1;
				DYLIB_INSTALL_NAME_BASE = "@rpath";
				INFOPLIST_FILE = MDUiKit/Info.plist;
				INSTALL_PATH = "@rpath";
				LD_RUNPATH_SEARCH_PATHS = "$(inherited) @executable_path/Frameworks @loader_path/Frameworks";
				PRODUCT_NAME = "$(TARGET_NAME)";
				SKIP_INSTALL = YES;
			};
			name = Release;
		};
		C5BC6ABB19D318E800BC1D1B /* Debug */ = {
			isa = XCBuildConfiguration;
			buildSettings = {
				FRAMEWORK_SEARCH_PATHS = (
					"$(SDKROOT)/Developer/Library/Frameworks",
					"$(inherited)",
				);
				GCC_PREPROCESSOR_DEFINITIONS = (
					"DEBUG=1",
					"$(inherited)",
				);
				INFOPLIST_FILE = MDUiKitTests/Info.plist;
				LD_RUNPATH_SEARCH_PATHS = "$(inherited) @executable_path/Frameworks @loader_path/Frameworks";
				PRODUCT_NAME = "$(TARGET_NAME)";
			};
			name = Debug;
		};
		C5BC6ABC19D318E800BC1D1B /* Release */ = {
			isa = XCBuildConfiguration;
			buildSettings = {
				FRAMEWORK_SEARCH_PATHS = (
					"$(SDKROOT)/Developer/Library/Frameworks",
					"$(inherited)",
				);
				INFOPLIST_FILE = MDUiKitTests/Info.plist;
				LD_RUNPATH_SEARCH_PATHS = "$(inherited) @executable_path/Frameworks @loader_path/Frameworks";
				PRODUCT_NAME = "$(TARGET_NAME)";
			};
			name = Release;
		};
/* End XCBuildConfiguration section */

/* Begin XCConfigurationList section */
		C5BC6A9E19D318E800BC1D1B /* Build configuration list for PBXProject "MDUiKit" */ = {
			isa = XCConfigurationList;
			buildConfigurations = (
				C5BC6AB519D318E800BC1D1B /* Debug */,
				C5BC6AB619D318E800BC1D1B /* Release */,
			);
			defaultConfigurationIsVisible = 0;
			defaultConfigurationName = Release;
		};
		C5BC6AB719D318E800BC1D1B /* Build configuration list for PBXNativeTarget "MDUiKit" */ = {
			isa = XCConfigurationList;
			buildConfigurations = (
				C5BC6AB819D318E800BC1D1B /* Debug */,
				C5BC6AB919D318E800BC1D1B /* Release */,
			);
			defaultConfigurationIsVisible = 0;
			defaultConfigurationName = Release;
		};
		C5BC6ABA19D318E800BC1D1B /* Build configuration list for PBXNativeTarget "MDUiKitTests" */ = {
			isa = XCConfigurationList;
			buildConfigurations = (
				C5BC6ABB19D318E800BC1D1B /* Debug */,
				C5BC6ABC19D318E800BC1D1B /* Release */,
			);
			defaultConfigurationIsVisible = 0;
			defaultConfigurationName = Release;
		};
/* End XCConfigurationList section */
	};
	rootObject = C5BC6A9B19D318E800BC1D1B /* Project object */;
}
